
Microsoft Visual Studio Solution File, Format Version 10.00
# Visual Studio 2008
Project("{FAE04EC0-301F-11D3-BF4B-00C04F79EFBC}") = "wincouch", "WinCouch\wincouch.csproj", "{B1692108-B3F3-459B-9E4F-640A327770F4}"
EndProject
Global
	GlobalSection(SolutionConfigurationPlatforms) = preSolution
		Debug|Any CPU = Debug|Any CPU
		Release|Any CPU = Release|Any CPU
	EndGlobalSection
	GlobalSection(ProjectConfigurationPlatforms) = postSolution
		{B1692108-B3F3-459B-9E4F-640A327770F4}.Debug|Any CPU.ActiveCfg = Debug|Any CPU
		{B1692108-B3F3-459B-9E4F-640A327770F4}.Debug|Any CPU.Build.0 = Debug|Any CPU
		{B1692108-B3F3-459B-9E4F-640A327770F4}.Release|Any CPU.ActiveCfg = Release|Any CPU
		{B1692108-B3F3-459B-9E4F-640A327770F4}.Release|Any CPU.Build.0 = Release|Any CPU
	EndGlobalSection
	GlobalSection(SolutionProperties) = preSolution
		HideSolutionNode = FALSE
	EndGlobalSection
EndGlobal
